
Microsoft Visual Studio Solution File, Format Version 12.00
# Visual Studio Version 17
VisualStudioVersion = 17.9.34728.123
MinimumVisualStudioVersion = 10.0.40219.1
Project("{8BC9CEB8-8B4A-11D0-8D11-00A0C91BC942}") = "Project5_Textures", "Project5_Textures.vcxproj", "{ADF66225-5827-4D10-8AE9-F8C3D8C51D4F}"
EndProject
Global
	GlobalSection(SolutionConfigurationPlatforms) = preSolution
		Debug|x64 = Debug|x64
		Debug|x86 = Debug|x86
		Release|x64 = Release|x64
		Release|x86 = Release|x86
	EndGlobalSection
	GlobalSection(ProjectConfigurationPlatforms) = postSolution
		{ADF66225-5827-4D10-8AE9-F8C3D8C51D4F}.Debug|x64.ActiveCfg = Debug|x64
		{ADF66225-5827-4D10-8AE9-F8C3D8C51D4F}.Debug|x64.Build.0 = Debug|x64
		{ADF66225-5827-4D10-8AE9-F8C3D8C51D4F}.Debug|x86.ActiveCfg = Debug|Win32
		{ADF66225-5827-4D10-8AE9-F8C3D8C51D4F}.Debug|x86.Build.0 = Debug|Win32
		{ADF66225-5827-4D10-8AE9-F8C3D8C51D4F}.Release|x64.ActiveCfg = Release|x64
		{ADF66225-5827-4D10-8AE9-F8C3D8C51D4F}.Release|x64.Build.0 = Release|x64
		{ADF66225-5827-4D10-8AE9-F8C3D8C51D4F}.Release|x86.ActiveCfg = Release|Win32
		{ADF66225-5827-4D10-8AE9-F8C3D8C51D4F}.Release|x86.Build.0 = Release|Win32
	EndGlobalSection
	GlobalSection(SolutionProperties) = preSolution
		HideSolutionNode = FALSE
	EndGlobalSection
	GlobalSection(ExtensibilityGlobals) = postSolution
		SolutionGuid = {9347C39B-B52F-4D37-85B1-1B6F5F22CC7E}
	EndGlobalSection
EndGlobal
