
Microsoft Visual Studio Solution File, Format Version 12.00
# Visual Studio Version 17
VisualStudioVersion = 17.9.34728.123
MinimumVisualStudioVersion = 10.0.40219.1
Project("{8BC9CEB8-8B4A-11D0-8D11-00A0C91BC942}") = "Project9_SpecularMaps", "Project9_SpecularMaps.vcxproj", "{D1695733-A003-4746-97FA-F7FE95A8F670}"
EndProject
Global
	GlobalSection(SolutionConfigurationPlatforms) = preSolution
		Debug|x64 = Debug|x64
		Debug|x86 = Debug|x86
		Release|x64 = Release|x64
		Release|x86 = Release|x86
	EndGlobalSection
	GlobalSection(ProjectConfigurationPlatforms) = postSolution
		{D1695733-A003-4746-97FA-F7FE95A8F670}.Debug|x64.ActiveCfg = Debug|x64
		{D1695733-A003-4746-97FA-F7FE95A8F670}.Debug|x64.Build.0 = Debug|x64
		{D1695733-A003-4746-97FA-F7FE95A8F670}.Debug|x86.ActiveCfg = Debug|Win32
		{D1695733-A003-4746-97FA-F7FE95A8F670}.Debug|x86.Build.0 = Debug|Win32
		{D1695733-A003-4746-97FA-F7FE95A8F670}.Release|x64.ActiveCfg = Release|x64
		{D1695733-A003-4746-97FA-F7FE95A8F670}.Release|x64.Build.0 = Release|x64
		{D1695733-A003-4746-97FA-F7FE95A8F670}.Release|x86.ActiveCfg = Release|Win32
		{D1695733-A003-4746-97FA-F7FE95A8F670}.Release|x86.Build.0 = Release|Win32
	EndGlobalSection
	GlobalSection(SolutionProperties) = preSolution
		HideSolutionNode = FALSE
	EndGlobalSection
	GlobalSection(ExtensibilityGlobals) = postSolution
		SolutionGuid = {1C0C5961-8BF0-4207-818E-AE7D233F2A7B}
	EndGlobalSection
EndGlobal
